<?xml version="1.0" encoding="utf-8"?>
<Project ToolsVersion="4.0" xmlns="http://schemas.microsoft.com/developer/msbuild/2003">
  <ItemGroup>
    <Filter Include="Source Files">
      <UniqueIdentifier>{4FC737F1-C7A5-4376-A066-2A32D752A2FF}</UniqueIdentifier>
      <Extensions>cpp;c;cc;cxx;def;odl;idl;hpj;bat;asm;asmx</Extensions>
    </Filter>
    <Filter Include="Header Files">
      <UniqueIdentifier>{93995380-89BD-4b04-88EB-625FBE52EBFB}</UniqueIdentifier>
      <Extensions>h;hh;hpp;hxx;hm;inl;inc;xsd</Extensions>
    </Filter>
    <Filter Include="Resource Files">
      <UniqueIdentifier>{67DA6AB6-F800-4c08-8B7A-83BB121AAD01}</UniqueIdentifier>
      <Extensions>rc;ico;cur;bmp;dlg;rc2;rct;bin;rgs;gif;jpg;jpeg;jpe;resx;tiff;tif;png;wav;mfcribbon-ms</Extensions>
    </Filter>
  </ItemGroup>
  <ItemGroup>
    <ClCompile Include="advJob.cpp">
      <Filter>Source Files</Filter>
    </ClCompile>
    <ClCompile Include="advJobThread.cpp">
      <Filter>Source Files</Filter>
    </ClCompile>
    <ClCompile Include="advJobPool.cpp">
      <Filter>Source Files</Filter>
    </ClCompile>
    <ClCompile Include="myDownloadJob.cpp">
      <Filter>Source Files</Filter>
    </ClCompile>
  </ItemGroup>
  <ItemGroup>
    <ClInclude Include="advCommons.h">
      <Filter>Header Files</Filter>
    </ClInclude>
    <ClInclude Include="advJob.h">
      <Filter>Header Files</Filter>
    </ClInclude>
    <ClInclude Include="advJobThread.h">
      <Filter>Header Files</Filter>
    </ClInclude>
    <ClInclude Include="advJobPool.h">
      <Filter>Header Files</Filter>
    </ClInclude>
    <ClInclude Include="myDownloadJob.h">
      <Filter>Header Files</Filter>
    </ClInclude>
  </ItemGroup>
  <ItemGroup>
    <Xml Include="JobThreadConfig.xml" />
  </ItemGroup>
</Project>